PODS:
  - StepControliOS (0.4)

DEPENDENCIES:
  - StepControliOS (from `https://github.com/moove-it/step-control-ios`)

EXTERNAL SOURCES:
  StepControliOS:
    :git: https://github.com/moove-it/step-control-ios

CHECKOUT OPTIONS:
  StepControliOS:
    :commit: 25954795107fe76cbffb84cb389fd9971d733d6d
    :git: https://github.com/moove-it/step-control-ios

SPEC CHECKSUMS:
  StepControliOS: 1fef103e4a2f3bed10f13be0539751e491417123

PODFILE CHECKSUM: f638c567a3457cdaefaa088cf4e1b261ed430f26

COCOAPODS: 1.3.1
