PODS:
  - StepControliOS (0.3)

DEPENDENCIES:
  - StepControliOS (from `./../StepControliOS.podspec`)

EXTERNAL SOURCES:
  StepControliOS:
    :path: ./../StepControliOS.podspec

SPEC CHECKSUMS:
  StepControliOS: 8c6296c131e7b4c359f209e9dbf598f4edb5bbcc

PODFILE CHECKSUM: 29bc831c557f1821fce04a9f947d3445ffee9d78

COCOAPODS: 1.4.0
