PODS:
  - StepControliOS (0.2)

DEPENDENCIES:
  - StepControliOS (from `https://github.com/moove-it/step-control-ios`)

EXTERNAL SOURCES:
  StepControliOS:
    :git: https://github.com/moove-it/step-control-ios

CHECKOUT OPTIONS:
  StepControliOS:
    :commit: 8cbb9fbd8cafa955efc27464b81f29eb25445875
    :git: https://github.com/moove-it/step-control-ios

SPEC CHECKSUMS:
  StepControliOS: 4f7c6017f0a783a0b36df4ed09644729eccfae6b

PODFILE CHECKSUM: f638c567a3457cdaefaa088cf4e1b261ed430f26

COCOAPODS: 1.3.1
